// !$*UTF8*$!
{
	archiveVersion = 1;
	classes = {
	};
	objectVersion = 46;
	objects = {

/* Begin PBXBuildFile section */
		34503C381D393CFA00F30565 /* AppDelegate.swift in Sources */ = {isa = PBXBuildFile; fileRef = 34503C371D393CFA00F30565 /* AppDelegate.swift */; };
		34503C3A1D393CFA00F30565 /* ViewController.swift in Sources */ = {isa = PBXBuildFile; fileRef = 34503C391D393CFA00F30565 /* ViewController.swift */; };
		34503C3D1D393CFA00F30565 /* Main.storyboard in Resources */ = {isa = PBXBuildFile; fileRef = 34503C3B1D393CFA00F30565 /* Main.storyboard */; };
		34503C3F1D393CFA00F30565 /* Assets.xcassets in Resources */ = {isa = PBXBuildFile; fileRef = 34503C3E1D393CFA00F30565 /* Assets.xcassets */; };
		34503C421D393CFA00F30565 /* LaunchScreen.storyboard in Resources */ = {isa = PBXBuildFile; fileRef = 34503C401D393CFA00F30565 /* LaunchScreen.storyboard */; };
		34503C4D1D393CFA00F30565 /* leap_swiftTests.swift in Sources */ = {isa = PBXBuildFile; fileRef = 34503C4C1D393CFA00F30565 /* leap_swiftTests.swift */; };
		34503C581D393D1E00F30565 /* LeapTest.swift in Sources */ = {isa = PBXBuildFile; fileRef = 34503C571D393D1E00F30565 /* LeapTest.swift */; };
		34F305E41D393D8F00AD1EC4 /* Leap.swift in Sources */ = {isa = PBXBuildFile; fileRef = 34F305E31D393D8F00AD1EC4 /* Leap.swift */; };
/* End PBXBuildFile section */

/* Begin PBXContainerItemProxy section */
		34503C491D393CFA00F30565 /* PBXContainerItemProxy */ = {
			isa = PBXContainerItemProxy;
			containerPortal = 34503C2C1D393CFA00F30565 /* Project object */;
			proxyType = 1;
			remoteGlobalIDString = 34503C331D393CFA00F30565;
			remoteInfo = "leap-swift";
		};
/* End PBXContainerItemProxy section */

/* Begin PBXFileReference section */
		34503C341D393CFA00F30565 /* leap-swift.app */ = {isa = PBXFileReference; explicitFileType = wrapper.application; includeInIndex = 0; path = "leap-swift.app"; sourceTree = BUILT_PRODUCTS_DIR; };
		34503C371D393CFA00F30565 /* AppDelegate.swift */ = {isa = PBXFileReference; lastKnownFileType = sourcecode.swift; path = AppDelegate.swift; sourceTree = "<group>"; };
		34503C391D393CFA00F30565 /* ViewController.swift */ = {isa = PBXFileReference; lastKnownFileType = sourcecode.swift; path = ViewController.swift; sourceTree = "<group>"; };
		34503C3C1D393CFA00F30565 /* Base */ = {isa = PBXFileReference; lastKnownFileType = file.storyboard; name = Base; path = Base.lproj/Main.storyboard; sourceTree = "<group>"; };
		34503C3E1D393CFA00F30565 /* Assets.xcassets */ = {isa = PBXFileReference; lastKnownFileType = folder.assetcatalog; path = Assets.xcassets; sourceTree = "<group>"; };
		34503C411D393CFA00F30565 /* Base */ = {isa = PBXFileReference; lastKnownFileType = file.storyboard; name = Base; path = Base.lproj/LaunchScreen.storyboard; sourceTree = "<group>"; };
		34503C431D393CFA00F30565 /* Info.plist */ = {isa = PBXFileReference; lastKnownFileType = text.plist.xml; path = Info.plist; sourceTree = "<group>"; };
		34503C481D393CFA00F30565 /* leap-swiftTests.xctest */ = {isa = PBXFileReference; explicitFileType = wrapper.cfbundle; includeInIndex = 0; path = "leap-swiftTests.xctest"; sourceTree = BUILT_PRODUCTS_DIR; };
		34503C4C1D393CFA00F30565 /* leap_swiftTests.swift */ = {isa = PBXFileReference; lastKnownFileType = sourcecode.swift; path = leap_swiftTests.swift; sourceTree = "<group>"; };
		34503C4E1D393CFA00F30565 /* Info.plist */ = {isa = PBXFileReference; lastKnownFileType = text.plist.xml; path = Info.plist; sourceTree = "<group>"; };
		34503C571D393D1E00F30565 /* LeapTest.swift */ = {isa = PBXFileReference; fileEncoding = 4; lastKnownFileType = sourcecode.swift; path = LeapTest.swift; sourceTree = "<group>"; };
		34F305E31D393D8F00AD1EC4 /* Leap.swift */ = {isa = PBXFileReference; fileEncoding = 4; lastKnownFileType = sourcecode.swift; name = Leap.swift; path = "leap-swiftTests/Leap.swift"; sourceTree = SOURCE_ROOT; };
/* End PBXFileReference section */

/* Begin PBXFrameworksBuildPhase section */
		34503C311D393CFA00F30565 /* Frameworks */ = {
			isa = PBXFrameworksBuildPhase;
			buildActionMask = 2147483647;
			files = (
			);
			runOnlyForDeploymentPostprocessing = 0;
		};
		34503C451D393CFA00F30565 /* Frameworks */ = {
			isa = PBXFrameworksBuildPhase;
			buildActionMask = 2147483647;
			files = (
			);
			runOnlyForDeploymentPostprocessing = 0;
		};
/* End PBXFrameworksBuildPhase section */

/* Begin PBXGroup section */
		34503C2B1D393CFA00F30565 = {
			isa = PBXGroup;
			children = (
				34503C361D393CFA00F30565 /* leap-swift */,
				34503C4B1D393CFA00F30565 /* leap-swiftTests */,
				34503C351D393CFA00F30565 /* Products */,
			);
			sourceTree = "<group>";
		};
		34503C351D393CFA00F30565 /* Products */ = {
			isa = PBXGroup;
			children = (
				34503C341D393CFA00F30565 /* leap-swift.app */,
				34503C481D393CFA00F30565 /* leap-swiftTests.xctest */,
			);
			name = Products;
			sourceTree = "<group>";
		};
		34503C361D393CFA00F30565 /* leap-swift */ = {
			isa = PBXGroup;
			children = (
				34503C371D393CFA00F30565 /* AppDelegate.swift */,
				34503C391D393CFA00F30565 /* ViewController.swift */,
				34F305E31D393D8F00AD1EC4 /* Leap.swift */,
				34503C3B1D393CFA00F30565 /* Main.storyboard */,
				34503C3E1D393CFA00F30565 /* Assets.xcassets */,
				34503C401D393CFA00F30565 /* LaunchScreen.storyboard */,
				34503C431D393CFA00F30565 /* Info.plist */,
			);
			path = "leap-swift";
			sourceTree = "<group>";
		};
		34503C4B1D393CFA00F30565 /* leap-swiftTests */ = {
			isa = PBXGroup;
			children = (
				34503C571D393D1E00F30565 /* LeapTest.swift */,
				34503C4C1D393CFA00F30565 /* leap_swiftTests.swift */,
				34503C4E1D393CFA00F30565 /* Info.plist */,
			);
			path = "leap-swiftTests";
			sourceTree = "<group>";
		};
/* End PBXGroup section */

/* Begin PBXNativeTarget section */
		34503C331D393CFA00F30565 /* leap-swift */ = {
			isa = PBXNativeTarget;
			buildConfigurationList = 34503C511D393CFA00F30565 /* Build configuration list for PBXNativeTarget "leap-swift" */;
			buildPhases = (
				34503C301D393CFA00F30565 /* Sources */,
				34503C311D393CFA00F30565 /* Frameworks */,
				34503C321D393CFA00F30565 /* Resources */,
			);
			buildRules = (
			);
			dependencies = (
			);
			name = "leap-swift";
			productName = "leap-swift";
			productReference = 34503C341D393CFA00F30565 /* leap-swift.app */;
			productType = "com.apple.product-type.application";
		};
		34503C471D393CFA00F30565 /* leap-swiftTests */ = {
			isa = PBXNativeTarget;
			buildConfigurationList = 34503C541D393CFA00F30565 /* Build configuration list for PBXNativeTarget "leap-swiftTests" */;
			buildPhases = (
				34503C441D393CFA00F30565 /* Sources */,
				34503C451D393CFA00F30565 /* Frameworks */,
				34503C461D393CFA00F30565 /* Resources */,
			);
			buildRules = (
			);
			dependencies = (
				34503C4A1D393CFA00F30565 /* PBXTargetDependency */,
			);
			name = "leap-swiftTests";
			productName = "leap-swiftTests";
			productReference = 34503C481D393CFA00F30565 /* leap-swiftTests.xctest */;
			productType = "com.apple.product-type.bundle.unit-test";
		};
/* End PBXNativeTarget section */

/* Begin PBXProject section */
		34503C2C1D393CFA00F30565 /* Project object */ = {
			isa = PBXProject;
			attributes = {
				LastSwiftUpdateCheck = 0730;
				LastUpgradeCheck = 0730;
				ORGANIZATIONNAME = GhostBirdGames;
				TargetAttributes = {
					34503C331D393CFA00F30565 = {
						CreatedOnToolsVersion = 7.3.1;
					};
					34503C471D393CFA00F30565 = {
						CreatedOnToolsVersion = 7.3.1;
						TestTargetID = 34503C331D393CFA00F30565;
					};
				};
			};
			buildConfigurationList = 34503C2F1D393CFA00F30565 /* Build configuration list for PBXProject "leap-swift" */;
			compatibilityVersion = "Xcode 3.2";
			developmentRegion = English;
			hasScannedForEncodings = 0;
			knownRegions = (
				en,
				Base,
			);
			mainGroup = 34503C2B1D393CFA00F30565;
			productRefGroup = 34503C351D393CFA00F30565 /* Products */;
			projectDirPath = "";
			projectRoot = "";
			targets = (
				34503C331D393CFA00F30565 /* leap-swift */,
				34503C471D393CFA00F30565 /* leap-swiftTests */,
			);
		};
/* End PBXProject section */

/* Begin PBXResourcesBuildPhase section */
		34503C321D393CFA00F30565 /* Resources */ = {
			isa = PBXResourcesBuildPhase;
			buildActionMask = 2147483647;
			files = (
				34503C421D393CFA00F30565 /* LaunchScreen.storyboard in Resources */,
				34503C3F1D393CFA00F30565 /* Assets.xcassets in Resources */,
				34503C3D1D393CFA00F30565 /* Main.storyboard in Resources */,
			);
			runOnlyForDeploymentPostprocessing = 0;
		};
		34503C461D393CFA00F30565 /* Resources */ = {
			isa = PBXResourcesBuildPhase;
			buildActionMask = 2147483647;
			files = (
			);
			runOnlyForDeploymentPostprocessing = 0;
		};
/* End PBXResourcesBuildPhase section */

/* Begin PBXSourcesBuildPhase section */
		34503C301D393CFA00F30565 /* Sources */ = {
			isa = PBXSourcesBuildPhase;
			buildActionMask = 2147483647;
			files = (
				34503C3A1D393CFA00F30565 /* ViewController.swift in Sources */,
				34503C381D393CFA00F30565 /* AppDelegate.swift in Sources */,
			);
			runOnlyForDeploymentPostprocessing = 0;
		};
		34503C441D393CFA00F30565 /* Sources */ = {
			isa = PBXSourcesBuildPhase;
			buildActionMask = 2147483647;
			files = (
				34F305E41D393D8F00AD1EC4 /* Leap.swift in Sources */,
				34503C4D1D393CFA00F30565 /* leap_swiftTests.swift in Sources */,
				34503C581D393D1E00F30565 /* LeapTest.swift in Sources */,
			);
			runOnlyForDeploymentPostprocessing = 0;
		};
/* End PBXSourcesBuildPhase section */

/* Begin PBXTargetDependency section */
		34503C4A1D393CFA00F30565 /* PBXTargetDependency */ = {
			isa = PBXTargetDependency;
			target = 34503C331D393CFA00F30565 /* leap-swift */;
			targetProxy = 34503C491D393CFA00F30565 /* PBXContainerItemProxy */;
		};
/* End PBXTargetDependency section */

/* Begin PBXVariantGroup section */
		34503C3B1D393CFA00F30565 /* Main.storyboard */ = {
			isa = PBXVariantGroup;
			children = (
				34503C3C1D393CFA00F30565 /* Base */,
			);
			name = Main.storyboard;
			sourceTree = "<group>";
		};
		34503C401D393CFA00F30565 /* LaunchScreen.storyboard */ = {
			isa = PBXVariantGroup;
			children = (
				34503C411D393CFA00F30565 /* Base */,
			);
			name = LaunchScreen.storyboard;
			sourceTree = "<group>";
		};
/* End PBXVariantGroup section */

/* Begin XCBuildConfiguration section */
		34503C4F1D393CFA00F30565 /* Debug */ = {
			isa = XCBuildConfiguration;
			buildSettings = {
				ALWAYS_SEARCH_USER_PATHS = NO;
				CLANG_ANALYZER_NONNULL = YES;
				CLANG_CXX_LANGUAGE_STANDARD = "gnu++0x";
				CLANG_CXX_LIBRARY = "libc++";
				CLANG_ENABLE_MODULES = YES;
				CLANG_ENABLE_OBJC_ARC = YES;
				CLANG_WARN_BOOL_CONVERSION = YES;
				CLANG_WARN_CONSTANT_CONVERSION = YES;
				CLANG_WARN_DIRECT_OBJC_ISA_USAGE = YES_ERROR;
				CLANG_WARN_EMPTY_BODY = YES;
				CLANG_WARN_ENUM_CONVERSION = YES;
				CLANG_WARN_INT_CONVERSION = YES;
				CLANG_WARN_OBJC_ROOT_CLASS = YES_ERROR;
				CLANG_WARN_UNREACHABLE_CODE = YES;
				CLANG_WARN__DUPLICATE_METHOD_MATCH = YES;
				"CODE_SIGN_IDENTITY[sdk=iphoneos*]" = "iPhone Developer";
				COPY_PHASE_STRIP = NO;
				DEBUG_INFORMATION_FORMAT = dwarf;
				ENABLE_STRICT_OBJC_MSGSEND = YES;
				ENABLE_TESTABILITY = YES;
				GCC_C_LANGUAGE_STANDARD = gnu99;
				GCC_DYNAMIC_NO_PIC = NO;
				GCC_NO_COMMON_BLOCKS = YES;
				GCC_OPTIMIZATION_LEVEL = 0;
				GCC_PREPROCESSOR_DEFINITIONS = (
					"DEBUG=1",
					"$(inherited)",
				);
				GCC_WARN_64_TO_32_BIT_CONVERSION = YES;
				GCC_WARN_ABOUT_RETURN_TYPE = YES_ERROR;
				GCC_WARN_UNDECLARED_SELECTOR = YES;
				GCC_WARN_UNINITIALIZED_AUTOS = YES_AGGRESSIVE;
				GCC_WARN_UNUSED_FUNCTION = YES;
				GCC_WARN_UNUSED_VARIABLE = YES;
				IPHONEOS_DEPLOYMENT_TARGET = 9.3;
				MTL_ENABLE_DEBUG_INFO = YES;
				ONLY_ACTIVE_ARCH = YES;
				SDKROOT = iphoneos;
				SWIFT_OPTIMIZATION_LEVEL = "-Onone";
				TARGETED_DEVICE_FAMILY = "1,2";
			};
			name = Debug;
		};
		34503C501D393CFA00F30565 /* Release */ = {
			isa = XCBuildConfiguration;
			buildSettings = {
				ALWAYS_SEARCH_USER_PATHS = NO;
				CLANG_ANALYZER_NONNULL = YES;
				CLANG_CXX_LANGUAGE_STANDARD = "gnu++0x";
				CLANG_CXX_LIBRARY = "libc++";
				CLANG_ENABLE_MODULES = YES;
				CLANG_ENABLE_OBJC_ARC = YES;
				CLANG_WARN_BOOL_CONVERSION = YES;
				CLANG_WARN_CONSTANT_CONVERSION = YES;
				CLANG_WARN_DIRECT_OBJC_ISA_USAGE = YES_ERROR;
				CLANG_WARN_EMPTY_BODY = YES;
				CLANG_WARN_ENUM_CONVERSION = YES;
				CLANG_WARN_INT_CONVERSION = YES;
				CLANG_WARN_OBJC_ROOT_CLASS = YES_ERROR;
				CLANG_WARN_UNREACHABLE_CODE = YES;
				CLANG_WARN__DUPLICATE_METHOD_MATCH = YES;
				"CODE_SIGN_IDENTITY[sdk=iphoneos*]" = "iPhone Developer";
				COPY_PHASE_STRIP = NO;
				DEBUG_INFORMATION_FORMAT = "dwarf-with-dsym";
				ENABLE_NS_ASSERTIONS = NO;
				ENABLE_STRICT_OBJC_MSGSEND = YES;
				GCC_C_LANGUAGE_STANDARD = gnu99;
				GCC_NO_COMMON_BLOCKS = YES;
				GCC_WARN_64_TO_32_BIT_CONVERSION = YES;
				GCC_WARN_ABOUT_RETURN_TYPE = YES_ERROR;
				GCC_WARN_UNDECLARED_SELECTOR = YES;
				GCC_WARN_UNINITIALIZED_AUTOS = YES_AGGRESSIVE;
				GCC_WARN_UNUSED_FUNCTION = YES;
				GCC_WARN_UNUSED_VARIABLE = YES;
				IPHONEOS_DEPLOYMENT_TARGET = 9.3;
				MTL_ENABLE_DEBUG_INFO = NO;
				SDKROOT = iphoneos;
				TARGETED_DEVICE_FAMILY = "1,2";
				VALIDATE_PRODUCT = YES;
			};
			name = Release;
		};
		34503C521D393CFA00F30565 /* Debug */ = {
			isa = XCBuildConfiguration;
			buildSettings = {
				ASSETCATALOG_COMPILER_APPICON_NAME = AppIcon;
				INFOPLIST_FILE = "leap-swift/Info.plist";
				LD_RUNPATH_SEARCH_PATHS = "$(inherited) @executable_path/Frameworks";
				PRODUCT_BUNDLE_IDENTIFIER = "com.ghostbirdgames.leap-swift";
				PRODUCT_NAME = "$(TARGET_NAME)";
			};
			name = Debug;
		};
		34503C531D393CFA00F30565 /* Release */ = {
			isa = XCBuildConfiguration;
			buildSettings = {
				ASSETCATALOG_COMPILER_APPICON_NAME = AppIcon;
				INFOPLIST_FILE = "leap-swift/Info.plist";
				LD_RUNPATH_SEARCH_PATHS = "$(inherited) @executable_path/Frameworks";
				PRODUCT_BUNDLE_IDENTIFIER = "com.ghostbirdgames.leap-swift";
				PRODUCT_NAME = "$(TARGET_NAME)";
			};
			name = Release;
		};
		34503C551D393CFA00F30565 /* Debug */ = {
			isa = XCBuildConfiguration;
			buildSettings = {
				BUNDLE_LOADER = "$(TEST_HOST)";
				INFOPLIST_FILE = "leap-swiftTests/Info.plist";
				LD_RUNPATH_SEARCH_PATHS = "$(inherited) @executable_path/Frameworks @loader_path/Frameworks";
				PRODUCT_BUNDLE_IDENTIFIER = "com.ghostbirdgames.leap-swiftTests";
				PRODUCT_NAME = "$(TARGET_NAME)";
				TEST_HOST = "$(BUILT_PRODUCTS_DIR)/leap-swift.app/leap-swift";
			};
			name = Debug;
		};
		34503C561D393CFA00F30565 /* Release */ = {
			isa = XCBuildConfiguration;
			buildSettings = {
				BUNDLE_LOADER = "$(TEST_HOST)";
				INFOPLIST_FILE = "leap-swiftTests/Info.plist";
				LD_RUNPATH_SEARCH_PATHS = "$(inherited) @executable_path/Frameworks @loader_path/Frameworks";
				PRODUCT_BUNDLE_IDENTIFIER = "com.ghostbirdgames.leap-swiftTests";
				PRODUCT_NAME = "$(TARGET_NAME)";
				TEST_HOST = "$(BUILT_PRODUCTS_DIR)/leap-swift.app/leap-swift";
			};
			name = Release;
		};
/* End XCBuildConfiguration section */

/* Begin XCConfigurationList section */
		34503C2F1D393CFA00F30565 /* Build configuration list for PBXProject "leap-swift" */ = {
			isa = XCConfigurationList;
			buildConfigurations = (
				34503C4F1D393CFA00F30565 /* Debug */,
				34503C501D393CFA00F30565 /* Release */,
			);
			defaultConfigurationIsVisible = 0;
			defaultConfigurationName = Release;
		};
		34503C511D393CFA00F30565 /* Build configuration list for PBXNativeTarget "leap-swift" */ = {
			isa = XCConfigurationList;
			buildConfigurations = (
				34503C521D393CFA00F30565 /* Debug */,
				34503C531D393CFA00F30565 /* Release */,
			);
			defaultConfigurationIsVisible = 0;
			defaultConfigurationName = Release;
		};
		34503C541D393CFA00F30565 /* Build configuration list for PBXNativeTarget "leap-swiftTests" */ = {
			isa = XCConfigurationList;
			buildConfigurations = (
				34503C551D393CFA00F30565 /* Debug */,
				34503C561D393CFA00F30565 /* Release */,
			);
			defaultConfigurationIsVisible = 0;
			defaultConfigurationName = Release;
		};
/* End XCConfigurationList section */
	};
	rootObject = 34503C2C1D393CFA00F30565 /* Project object */;
}
